{
  "checksum": "836bf40a9d2329d738adcdd0b4ec1c00537b08f02edcdee04573d74d22fd1492",
  "crates": {
    "cfg-if 1.0.0": {
      "name": "cfg-if",
      "version": "1.0.0",
      "package_url": "https://github.com/alexcrichton/cfg-if",
      "repository": {
        "Http": {
          "url": "https://static.crates.io/crates/cfg-if/1.0.0/download",
          "sha256": "baf1de4339761588bc0619e3cbc0120ee582ebb74b53b4efbf79117bd2da40fd"
        }
      },
      "targets": [
        {
          "Library": {
            "crate_name": "cfg_if",
            "crate_root": "src/lib.rs",
            "srcs": {
              "allow_empty": false,
              "include": [
                "**/*.rs"
              ]
            }
          }
        }
      ],
      "library_target_name": "cfg_if",
      "common_attrs": {
        "compile_data_glob": [
          "**"
        ],
        "edition": "2018",
        "version": "1.0.0"
      },
      "license": "MIT/Apache-2.0",
      "license_ids": [
        "Apache-2.0",
        "MIT"
      ],
      "license_file": "LICENSE-APACHE"
    },
    "direct-cargo-bazel-deps 0.0.1": {
      "name": "direct-cargo-bazel-deps",
      "version": "0.0.1",
      "package_url": null,
      "repository": null,
      "targets": [
        {
          "Library": {
            "crate_name": "direct_cargo_bazel_deps",
            "crate_root": ".direct_cargo_bazel_deps.rs",
            "srcs": {
              "allow_empty": false,
              "include": [
                "**/*.rs"
              ]
            }
          }
        }
      ],
      "library_target_name": "direct_cargo_bazel_deps",
      "common_attrs": {
        "compile_data_glob": [
          "**"
        ],
        "deps": {
          "common": [
            {
              "id": "rand 0.8.5",
              "target": "rand"
            }
          ],
          "selects": {}
        },
        "edition": "2018",
        "version": "0.0.1"
      },
      "license": null,
      "license_ids": [],
      "license_file": null
    },
    "getrandom 0.2.15": {
      "name": "getrandom",
      "version": "0.2.15",
      "package_url": "https://github.com/rust-random/getrandom",
      "repository": {
        "Http": {
          "url": "https://static.crates.io/crates/getrandom/0.2.15/download",
          "sha256": "c4567c8db10ae91089c99af84c68c38da3ec2f087c3f82960bcdbf3656b6f4d7"
        }
      },
      "targets": [
        {
          "Library": {
            "crate_name": "getrandom",
            "crate_root": "src/lib.rs",
            "srcs": {
              "allow_empty": false,
              "include": [
                "**/*.rs"
              ]
            }
          }
        }
      ],
      "library_target_name": "getrandom",
      "common_attrs": {
        "compile_data_glob": [
          "**"
        ],
        "crate_features": {
          "common": [
            "std"
          ],
          "selects": {}
        },
        "deps": {
          "common": [
            {
              "id": "cfg-if 1.0.0",
              "target": "cfg_if"
            }
          ],
          "selects": {
            "cfg(target_os = \"wasi\")": [
              {
                "id": "wasi 0.11.0+wasi-snapshot-preview1",
                "target": "wasi"
              }
            ],
            "cfg(unix)": [
              {
                "id": "libc 0.2.155",
                "target": "libc"
              }
            ]
          }
        },
        "edition": "2018",
        "version": "0.2.15"
      },
      "license": "MIT OR Apache-2.0",
      "license_ids": [
        "Apache-2.0",
        "MIT"
      ],
      "license_file": "LICENSE-APACHE"
    },
    "libc 0.2.155": {
      "name": "libc",
      "version": "0.2.155",
      "package_url": "https://github.com/rust-lang/libc",
      "repository": {
        "Http": {
          "url": "https://static.crates.io/crates/libc/0.2.155/download",
          "sha256": "97b3888a4aecf77e811145cadf6eef5901f4782c53886191b2f693f24761847c"
        }
      },
      "targets": [
        {
          "Library": {
            "crate_name": "libc",
            "crate_root": "src/lib.rs",
            "srcs": {
              "allow_empty": false,
              "include": [
                "**/*.rs"
              ]
            }
          }
        },
        {
          "BuildScript": {
            "crate_name": "build_script_build",
            "crate_root": "build.rs",
            "srcs": {
              "allow_empty": false,
              "include": [
                "**/*.rs"
              ]
            }
          }
        }
      ],
      "library_target_name": "libc",
      "common_attrs": {
        "compile_data_glob": [
          "**"
        ],
        "deps": {
          "common": [
            {
              "id": "libc 0.2.155",
              "target": "build_script_build"
            }
          ],
          "selects": {}
        },
        "edition": "2015",
        "version": "0.2.155"
      },
      "build_script_attrs": {
        "data_glob": [
          "**"
        ]
      },
      "license": "MIT OR Apache-2.0",
      "license_ids": [
        "Apache-2.0",
        "MIT"
      ],
      "license_file": "LICENSE-APACHE"
    },
    "ppv-lite86 0.2.17": {
      "name": "ppv-lite86",
      "version": "0.2.17",
      "package_url": "https://github.com/cryptocorrosion/cryptocorrosion",
      "repository": {
        "Http": {
          "url": "https://static.crates.io/crates/ppv-lite86/0.2.17/download",
          "sha256": "5b40af805b3121feab8a3c29f04d8ad262fa8e0561883e7653e024ae4479e6de"
        }
      },
      "targets": [
        {
          "Library": {
            "crate_name": "ppv_lite86",
            "crate_root": "src/lib.rs",
            "srcs": {
              "allow_empty": false,
              "include": [
                "**/*.rs"
              ]
            }
          }
        }
      ],
      "library_target_name": "ppv_lite86",
      "common_attrs": {
        "compile_data_glob": [
          "**"
        ],
        "crate_features": {
          "common": [
            "simd",
            "std"
          ],
          "selects": {}
        },
        "edition": "2018",
        "version": "0.2.17"
      },
      "license": "MIT/Apache-2.0",
      "license_ids": [
        "Apache-2.0",
        "MIT"
      ],
      "license_file": "LICENSE-APACHE"
    },
    "rand 0.8.5": {
      "name": "rand",
      "version": "0.8.5",
      "package_url": "https://github.com/rust-random/rand",
      "repository": {
        "Http": {
          "url": "https://static.crates.io/crates/rand/0.8.5/download",
          "sha256": "34af8d1a0e25924bc5b7c43c079c942339d8f0a8b57c39049bef581b46327404"
        }
      },
      "targets": [
        {
          "Library": {
            "crate_name": "rand",
            "crate_root": "src/lib.rs",
            "srcs": {
              "allow_empty": false,
              "include": [
                "**/*.rs"
              ]
            }
          }
        }
      ],
      "library_target_name": "rand",
      "common_attrs": {
        "compile_data_glob": [
          "**"
        ],
        "crate_features": {
          "common": [
            "alloc",
            "default",
            "getrandom",
            "libc",
            "rand_chacha",
            "std",
            "std_rng"
          ],
          "selects": {}
        },
        "deps": {
          "common": [
            {
              "id": "rand_chacha 0.3.1",
              "target": "rand_chacha"
            },
            {
              "id": "rand_core 0.6.4",
              "target": "rand_core"
            }
          ],
          "selects": {
            "aarch64-apple-darwin": [
              {
                "id": "libc 0.2.155",
                "target": "libc"
              }
            ],
            "aarch64-apple-ios": [
              {
                "id": "libc 0.2.155",
                "target": "libc"
              }
            ],
            "aarch64-apple-ios-sim": [
              {
                "id": "libc 0.2.155",
                "target": "libc"
              }
            ],
            "aarch64-fuchsia": [
              {
                "id": "libc 0.2.155",
                "target": "libc"
              }
            ],
            "aarch64-linux-android": [
              {
                "id": "libc 0.2.155",
                "target": "libc"
              }
            ],
            "aarch64-unknown-linux-gnu": [
              {
                "id": "libc 0.2.155",
                "target": "libc"
              }
            ],
            "aarch64-unknown-nixos-gnu": [
              {
                "id": "libc 0.2.155",
                "target": "libc"
              }
            ],
            "aarch64-unknown-nto-qnx710": [
              {
                "id": "libc 0.2.155",
                "target": "libc"
              }
            ],
            "arm-unknown-linux-gnueabi": [
              {
                "id": "libc 0.2.155",
                "target": "libc"
              }
            ],
            "armv7-linux-androideabi": [
              {
                "id": "libc 0.2.155",
                "target": "libc"
              }
            ],
            "armv7-unknown-linux-gnueabi": [
              {
                "id": "libc 0.2.155",
                "target": "libc"
              }
            ],
            "i686-apple-darwin": [
              {
                "id": "libc 0.2.155",
                "target": "libc"
              }
            ],
            "i686-linux-android": [
              {
                "id": "libc 0.2.155",
                "target": "libc"
              }
            ],
            "i686-unknown-freebsd": [
              {
                "id": "libc 0.2.155",
                "target": "libc"
              }
            ],
            "i686-unknown-linux-gnu": [
              {
                "id": "libc 0.2.155",
                "target": "libc"
              }
            ],
            "powerpc-unknown-linux-gnu": [
              {
                "id": "libc 0.2.155",
                "target": "libc"
              }
            ],
            "s390x-unknown-linux-gnu": [
              {
                "id": "libc 0.2.155",
                "target": "libc"
              }
            ],
            "x86_64-apple-darwin": [
              {
                "id": "libc 0.2.155",
                "target": "libc"
              }
            ],
            "x86_64-apple-ios": [
              {
                "id": "libc 0.2.155",
                "target": "libc"
              }
            ],
            "x86_64-fuchsia": [
              {
                "id": "libc 0.2.155",
                "target": "libc"
              }
            ],
            "x86_64-linux-android": [
              {
                "id": "libc 0.2.155",
                "target": "libc"
              }
            ],
            "x86_64-unknown-freebsd": [
              {
                "id": "libc 0.2.155",
                "target": "libc"
              }
            ],
            "x86_64-unknown-linux-gnu": [
              {
                "id": "libc 0.2.155",
                "target": "libc"
              }
            ],
            "x86_64-unknown-nixos-gnu": [
              {
                "id": "libc 0.2.155",
                "target": "libc"
              }
            ]
          }
        },
        "edition": "2018",
        "version": "0.8.5"
      },
      "license": "MIT OR Apache-2.0",
      "license_ids": [
        "Apache-2.0",
        "MIT"
      ],
      "license_file": "LICENSE-APACHE"
    },
    "rand_chacha 0.3.1": {
      "name": "rand_chacha",
      "version": "0.3.1",
      "package_url": "https://github.com/rust-random/rand",
      "repository": {
        "Http": {
          "url": "https://static.crates.io/crates/rand_chacha/0.3.1/download",
          "sha256": "e6c10a63a0fa32252be49d21e7709d4d4baf8d231c2dbce1eaa8141b9b127d88"
        }
      },
      "targets": [
        {
          "Library": {
            "crate_name": "rand_chacha",
            "crate_root": "src/lib.rs",
            "srcs": {
              "allow_empty": false,
              "include": [
                "**/*.rs"
              ]
            }
          }
        }
      ],
      "library_target_name": "rand_chacha",
      "common_attrs": {
        "compile_data_glob": [
          "**"
        ],
        "crate_features": {
          "common": [
            "std"
          ],
          "selects": {}
        },
        "deps": {
          "common": [
            {
              "id": "ppv-lite86 0.2.17",
              "target": "ppv_lite86"
            },
            {
              "id": "rand_core 0.6.4",
              "target": "rand_core"
            }
          ],
          "selects": {}
        },
        "edition": "2018",
        "version": "0.3.1"
      },
      "license": "MIT OR Apache-2.0",
      "license_ids": [
        "Apache-2.0",
        "MIT"
      ],
      "license_file": "LICENSE-APACHE"
    },
    "rand_core 0.6.4": {
      "name": "rand_core",
      "version": "0.6.4",
      "package_url": "https://github.com/rust-random/rand",
      "repository": {
        "Http": {
          "url": "https://static.crates.io/crates/rand_core/0.6.4/download",
          "sha256": "ec0be4795e2f6a28069bec0b5ff3e2ac9bafc99e6a9a7dc3547996c5c816922c"
        }
      },
      "targets": [
        {
          "Library": {
            "crate_name": "rand_core",
            "crate_root": "src/lib.rs",
            "srcs": {
              "allow_empty": false,
              "include": [
                "**/*.rs"
              ]
            }
          }
        }
      ],
      "library_target_name": "rand_core",
      "common_attrs": {
        "compile_data_glob": [
          "**"
        ],
        "crate_features": {
          "common": [
            "alloc",
            "getrandom",
            "std"
          ],
          "selects": {}
        },
        "deps": {
          "common": [
            {
              "id": "getrandom 0.2.15",
              "target": "getrandom"
            }
          ],
          "selects": {}
        },
        "edition": "2018",
        "version": "0.6.4"
      },
      "license": "MIT OR Apache-2.0",
      "license_ids": [
        "Apache-2.0",
        "MIT"
      ],
      "license_file": "LICENSE-APACHE"
    },
    "wasi 0.11.0+wasi-snapshot-preview1": {
      "name": "wasi",
      "version": "0.11.0+wasi-snapshot-preview1",
      "package_url": "https://github.com/bytecodealliance/wasi",
      "repository": {
        "Http": {
          "url": "https://static.crates.io/crates/wasi/0.11.0+wasi-snapshot-preview1/download",
          "sha256": "9c8d87e72b64a3b4db28d11ce29237c246188f4f51057d65a7eab63b7987e423"
        }
      },
      "targets": [
        {
          "Library": {
            "crate_name": "wasi",
            "crate_root": "src/lib.rs",
            "srcs": {
              "allow_empty": false,
              "include": [
                "**/*.rs"
              ]
            }
          }
        }
      ],
      "library_target_name": "wasi",
      "common_attrs": {
        "compile_data_glob": [
          "**"
        ],
        "edition": "2018",
        "version": "0.11.0+wasi-snapshot-preview1"
      },
      "license": "Apache-2.0 WITH LLVM-exception OR Apache-2.0 OR MIT",
      "license_ids": [
        "Apache-2.0",
        "MIT"
      ],
      "license_file": "LICENSE-APACHE"
    }
  },
  "binary_crates": [],
  "workspace_members": {
    "direct-cargo-bazel-deps 0.0.1": ""
  },
  "conditions": {
    "aarch64-apple-darwin": [
      "aarch64-apple-darwin"
    ],
    "aarch64-apple-ios": [
      "aarch64-apple-ios"
    ],
    "aarch64-apple-ios-sim": [
      "aarch64-apple-ios-sim"
    ],
    "aarch64-fuchsia": [
      "aarch64-fuchsia"
    ],
    "aarch64-linux-android": [
      "aarch64-linux-android"
    ],
    "aarch64-pc-windows-msvc": [
      "aarch64-pc-windows-msvc"
    ],
    "aarch64-unknown-linux-gnu": [
      "aarch64-unknown-linux-gnu",
      "aarch64-unknown-nixos-gnu"
    ],
    "aarch64-unknown-nixos-gnu": [
      "aarch64-unknown-nixos-gnu"
    ],
    "aarch64-unknown-nto-qnx710": [
      "aarch64-unknown-nto-qnx710"
    ],
    "arm-unknown-linux-gnueabi": [
      "arm-unknown-linux-gnueabi"
    ],
    "armv7-linux-androideabi": [
      "armv7-linux-androideabi"
    ],
    "armv7-unknown-linux-gnueabi": [
      "armv7-unknown-linux-gnueabi"
    ],
    "cfg(target_os = \"wasi\")": [
      "wasm32-wasi"
    ],
    "cfg(unix)": [
      "aarch64-apple-darwin",
      "aarch64-apple-ios",
      "aarch64-apple-ios-sim",
      "aarch64-fuchsia",
      "aarch64-linux-android",
      "aarch64-unknown-linux-gnu",
      "aarch64-unknown-nixos-gnu",
      "aarch64-unknown-nto-qnx710",
      "arm-unknown-linux-gnueabi",
      "armv7-linux-androideabi",
      "armv7-unknown-linux-gnueabi",
      "i686-apple-darwin",
      "i686-linux-android",
      "i686-unknown-freebsd",
      "i686-unknown-linux-gnu",
      "powerpc-unknown-linux-gnu",
      "s390x-unknown-linux-gnu",
      "x86_64-apple-darwin",
      "x86_64-apple-ios",
      "x86_64-fuchsia",
      "x86_64-linux-android",
      "x86_64-unknown-freebsd",
      "x86_64-unknown-linux-gnu",
      "x86_64-unknown-nixos-gnu"
    ],
    "i686-apple-darwin": [
      "i686-apple-darwin"
    ],
    "i686-linux-android": [
      "i686-linux-android"
    ],
    "i686-pc-windows-msvc": [
      "i686-pc-windows-msvc"
    ],
    "i686-unknown-freebsd": [
      "i686-unknown-freebsd"
    ],
    "i686-unknown-linux-gnu": [
      "i686-unknown-linux-gnu"
    ],
    "powerpc-unknown-linux-gnu": [
      "powerpc-unknown-linux-gnu"
    ],
    "riscv32imc-unknown-none-elf": [
      "riscv32imc-unknown-none-elf"
    ],
    "riscv64gc-unknown-none-elf": [
      "riscv64gc-unknown-none-elf"
    ],
    "s390x-unknown-linux-gnu": [
      "s390x-unknown-linux-gnu"
    ],
    "thumbv7em-none-eabi": [
      "thumbv7em-none-eabi"
    ],
    "thumbv8m.main-none-eabi": [
      "thumbv8m.main-none-eabi"
    ],
    "wasm32-unknown-unknown": [
      "wasm32-unknown-unknown"
    ],
    "wasm32-wasi": [
      "wasm32-wasi"
    ],
    "x86_64-apple-darwin": [
      "x86_64-apple-darwin"
    ],
    "x86_64-apple-ios": [
      "x86_64-apple-ios"
    ],
    "x86_64-fuchsia": [
      "x86_64-fuchsia"
    ],
    "x86_64-linux-android": [
      "x86_64-linux-android"
    ],
    "x86_64-pc-windows-msvc": [
      "x86_64-pc-windows-msvc"
    ],
    "x86_64-unknown-freebsd": [
      "x86_64-unknown-freebsd"
    ],
    "x86_64-unknown-linux-gnu": [
      "x86_64-unknown-linux-gnu",
      "x86_64-unknown-nixos-gnu"
    ],
    "x86_64-unknown-nixos-gnu": [
      "x86_64-unknown-nixos-gnu"
    ],
    "x86_64-unknown-none": [
      "x86_64-unknown-none"
    ]
  },
  "direct_deps": [
    "rand 0.8.5"
  ],
  "direct_dev_deps": []
}
